
Microsoft Visual Studio Solution File, Format Version 11.00
# Visual Studio 2010
Project("{FAE04EC0-301F-11D3-BF4B-00C04F79EFBC}") = "DDR", "DDR\DDR\DDR.csproj", "{E3745765-45CB-4F23-B13B-BB518708F54A}"
EndProject
Project("{96E2B04D-8817-42C6-938A-82C39BA4D311}") = "DDRContent", "DDR\DDRContent\DDRContent.contentproj", "{C9CEECAF-2B32-4AB4-940D-732160509075}"
EndProject
Global
	GlobalSection(SolutionConfigurationPlatforms) = preSolution
		Debug|x86 = Debug|x86
		Release|x86 = Release|x86
	EndGlobalSection
	GlobalSection(ProjectConfigurationPlatforms) = postSolution
		{E3745765-45CB-4F23-B13B-BB518708F54A}.Debug|x86.ActiveCfg = Debug|x86
		{E3745765-45CB-4F23-B13B-BB518708F54A}.Debug|x86.Build.0 = Debug|x86
		{E3745765-45CB-4F23-B13B-BB518708F54A}.Release|x86.ActiveCfg = Release|x86
		{E3745765-45CB-4F23-B13B-BB518708F54A}.Release|x86.Build.0 = Release|x86
		{C9CEECAF-2B32-4AB4-940D-732160509075}.Debug|x86.ActiveCfg = Debug|x86
		{C9CEECAF-2B32-4AB4-940D-732160509075}.Release|x86.ActiveCfg = Release|x86
	EndGlobalSection
	GlobalSection(SolutionProperties) = preSolution
		HideSolutionNode = FALSE
	EndGlobalSection
EndGlobal
